PODS:
  - datadog_flutter_plugin (0.0.1):
    - DatadogCore (~> 2)
    - DatadogCrashReporting (~> 2)
    - DatadogInternal (~> 2)
    - DatadogLogs (~> 2)
    - DatadogRUM (~> 2)
    - DictionaryCoder (= 1.2.0)
    - Flutter
  - datadog_session_replay (0.0.1):
    - DatadogCore (~> 2)
    - Flutter
  - DatadogCore (2.30.1):
    - DatadogInternal (= 2.30.1)
  - DatadogCrashReporting (2.30.1):
    - DatadogInternal (= 2.30.1)
    - PLCrashReporter (~> 1.12.0)
  - DatadogInternal (2.30.1)
  - DatadogLogs (2.30.1):
    - DatadogInternal (= 2.30.1)
  - DatadogRUM (2.30.1):
    - DatadogInternal (= 2.30.1)
  - DictionaryCoder (1.2.0)
  - Flutter (1.0.0)
  - integration_test (0.0.1):
    - Flutter
  - objective_c (0.0.1):
    - Flutter
  - PLCrashReporter (1.12.0)

DEPENDENCIES:
  - datadog_flutter_plugin (from `.symlinks/plugins/datadog_flutter_plugin/ios`)
  - datadog_session_replay (from `.symlinks/plugins/datadog_session_replay/ios`)
  - DatadogCore (from `https://github.com/DataDog/dd-sdk-ios`, tag `2.30.1`)
  - DatadogCrashReporting (from `https://github.com/DataDog/dd-sdk-ios`, tag `2.30.1`)
  - DatadogInternal (from `https://github.com/DataDog/dd-sdk-ios`, tag `2.30.1`)
  - DatadogLogs (from `https://github.com/DataDog/dd-sdk-ios`, tag `2.30.1`)
  - DatadogRUM (from `https://github.com/DataDog/dd-sdk-ios`, tag `2.30.1`)
  - Flutter (from `Flutter`)
  - integration_test (from `.symlinks/plugins/integration_test/ios`)
  - objective_c (from `.symlinks/plugins/objective_c/ios`)

SPEC REPOS:
  trunk:
    - DictionaryCoder
    - PLCrashReporter

EXTERNAL SOURCES:
  datadog_flutter_plugin:
    :path: ".symlinks/plugins/datadog_flutter_plugin/ios"
  datadog_session_replay:
    :path: ".symlinks/plugins/datadog_session_replay/ios"
  DatadogCore:
    :git: https://github.com/DataDog/dd-sdk-ios
    :tag: 2.30.1
  DatadogCrashReporting:
    :git: https://github.com/DataDog/dd-sdk-ios
    :tag: 2.30.1
  DatadogInternal:
    :git: https://github.com/DataDog/dd-sdk-ios
    :tag: 2.30.1
  DatadogLogs:
    :git: https://github.com/DataDog/dd-sdk-ios
    :tag: 2.30.1
  DatadogRUM:
    :git: https://github.com/DataDog/dd-sdk-ios
    :tag: 2.30.1
  Flutter:
    :path: Flutter
  integration_test:
    :path: ".symlinks/plugins/integration_test/ios"
  objective_c:
    :path: ".symlinks/plugins/objective_c/ios"

CHECKOUT OPTIONS:
  DatadogCore:
    :git: https://github.com/DataDog/dd-sdk-ios
    :tag: 2.30.1
  DatadogCrashReporting:
    :git: https://github.com/DataDog/dd-sdk-ios
    :tag: 2.30.1
  DatadogInternal:
    :git: https://github.com/DataDog/dd-sdk-ios
    :tag: 2.30.1
  DatadogLogs:
    :git: https://github.com/DataDog/dd-sdk-ios
    :tag: 2.30.1
  DatadogRUM:
    :git: https://github.com/DataDog/dd-sdk-ios
    :tag: 2.30.1

SPEC CHECKSUMS:
  datadog_flutter_plugin: dae31b2f0e5755d091601d8c8108fe86528085fd
  datadog_session_replay: d13ea731f09b529de9c9660019e75da6fbac20b7
  DatadogCore: c09c6b3345d200ad8df6b8424562afc4c274d85e
  DatadogCrashReporting: 19c67670fe9ee01cc4cbc3c859d6c69dc6344e9e
  DatadogInternal: a712490b2c285095d748ccb437a9a630df949d7f
  DatadogLogs: 084f7974d6dbe053b5fbabc07a245a700c1514f7
  DatadogRUM: c9356f806db3599386f854bdb53494216600d2ae
  DictionaryCoder: f7115fcd074c8301e91f2eb862da1ea7d0385e61
  Flutter: e0871f40cf51350855a761d2e70bf5af5b9b5de7
  integration_test: 252f60fa39af5e17c3aa9899d35d908a0721b573
  objective_c: 77e887b5ba1827970907e10e832eec1683f3431d
  PLCrashReporter: db59ef96fa3d25f3650040d02ec2798cffee75f2

PODFILE CHECKSUM: c0f7518304348c7e1fd19e84dd7cb3cf85de0527

COCOAPODS: 1.16.2
