PODS:
  - datadog_flutter_plugin (0.0.1):
    - DatadogCore (= 3.4.0)
    - DatadogCrashReporting (= 3.4.0)
    - DatadogInternal (= 3.4.0)
    - DatadogLogs (= 3.4.0)
    - DatadogRUM (= 3.4.0)
    - DictionaryCoder (= 1.2.0)
    - Flutter
  - datadog_session_replay (0.0.1):
    - DatadogCore (~> 3)
    - Flutter
  - DatadogCore (3.4.0):
    - DatadogInternal (= 3.4.0)
  - DatadogCrashReporting (3.4.0):
    - DatadogInternal (= 3.4.0)
    - PLCrashReporter (~> 1.12.0)
  - DatadogInternal (3.4.0)
  - DatadogLogs (3.4.0):
    - DatadogInternal (= 3.4.0)
  - DatadogRUM (3.4.0):
    - DatadogInternal (= 3.4.0)
  - DictionaryCoder (1.2.0)
  - Flutter (1.0.0)
  - integration_test (0.0.1):
    - Flutter
  - objective_c (0.0.1):
    - Flutter
  - PLCrashReporter (1.12.0)

DEPENDENCIES:
  - datadog_flutter_plugin (from `.symlinks/plugins/datadog_flutter_plugin/ios`)
  - datadog_session_replay (from `.symlinks/plugins/datadog_session_replay/ios`)
  - Flutter (from `Flutter`)
  - integration_test (from `.symlinks/plugins/integration_test/ios`)
  - objective_c (from `.symlinks/plugins/objective_c/ios`)

SPEC REPOS:
  trunk:
    - DatadogCore
    - DatadogCrashReporting
    - DatadogInternal
    - DatadogLogs
    - DatadogRUM
    - DictionaryCoder
    - PLCrashReporter

EXTERNAL SOURCES:
  datadog_flutter_plugin:
    :path: ".symlinks/plugins/datadog_flutter_plugin/ios"
  datadog_session_replay:
    :path: ".symlinks/plugins/datadog_session_replay/ios"
  Flutter:
    :path: Flutter
  integration_test:
    :path: ".symlinks/plugins/integration_test/ios"
  objective_c:
    :path: ".symlinks/plugins/objective_c/ios"

SPEC CHECKSUMS:
  datadog_flutter_plugin: 752f7562bfb9dae821ea2d1e9f5de0b2e583b187
  datadog_session_replay: 8e4f4a520f20feb2916c623c011a53ba63f8d77f
  DatadogCore: 8c384b6338c49534e43fdf7f9a0508b62bf1d426
  DatadogCrashReporting: 103bfb4077db2ccee1846f71e53712972732d3b7
  DatadogInternal: b0372935ad8dde5ad06960fe8d88c39b2cc92bcc
  DatadogLogs: 484bb1bfe0c9a7cb2a7d9733f61614e8ea7b2f3a
  DatadogRUM: 00069b27918e0ce4a9223b87b4bfa7929d6a0a1f
  DictionaryCoder: f7115fcd074c8301e91f2eb862da1ea7d0385e61
  Flutter: cabc95a1d2626b1b06e7179b784ebcf0c0cde467
  integration_test: 252f60fa39af5e17c3aa9899d35d908a0721b573
  objective_c: 77e887b5ba1827970907e10e832eec1683f3431d
  PLCrashReporter: db59ef96fa3d25f3650040d02ec2798cffee75f2

PODFILE CHECKSUM: 2803d6034f9821d024f84c07072c94df0dd6b303

COCOAPODS: 1.16.2
