{
  "originHash" : "653f2a03b04fafec1ab1e68a2f6f7325061e04d6371f729294ed714e2d1d7d15",
  "pins" : [
    {
      "identity" : "dd-sdk-ios",
      "kind" : "remoteSourceControl",
      "location" : "https://github.com/Datadog/dd-sdk-ios.git",
      "state" : {
        "branch" : "develop",
        "revision" : "9d56c063f03d2e0a5f75594ade7d61683f1a6649"
      }
    },
    {
      "identity" : "dictionarycoder",
      "kind" : "remoteSourceControl",
      "location" : "https://github.com/almazrafi/DictionaryCoder.git",
      "state" : {
        "revision" : "ebcbaeb20ca5f62ed0365fa7f0473e0d480b931e",
        "version" : "1.2.0"
      }
    },
    {
      "identity" : "opentelemetry-swift-packages",
      "kind" : "remoteSourceControl",
      "location" : "https://github.com/DataDog/opentelemetry-swift-packages.git",
      "state" : {
        "revision" : "4a7295600d4ebb9525a23c11586c5fdb74ae8b7e",
        "version" : "1.13.1"
      }
    },
    {
      "identity" : "plcrashreporter",
      "kind" : "remoteSourceControl",
      "location" : "https://github.com/microsoft/plcrashreporter.git",
      "state" : {
        "revision" : "8c61e5e38e9f737dd68512ed1ea5ab081244ad65",
        "version" : "1.12.0"
      }
    }
  ],
  "version" : 3
}
